Microsoft Visual Studio Solution File, Format Version 11.00
# Visual Studio 2008

Project("{A9D98F38-C561-CFDB-440F-17C8C74F70B9}") = "160603_Hannah", "Assembly-CSharp-firstpass.csproj", "{698CB6D8-5D9F-9670-93E7-4E20DCD5571E}"
EndProject
Project("{A9D98F38-C561-CFDB-440F-17C8C74F70B9}") = "160603_Hannah", "Assembly-CSharp.csproj", "{1A5A64F4-61CF-7133-121B-D809F6C7E5FF}"
EndProject
Project("{A9D98F38-C561-CFDB-440F-17C8C74F70B9}") = "160603_Hannah", "Assembly-CSharp-Editor.csproj", "{5C5BA93C-2288-B393-9CDF-E3BBC6DA8EB4}"
EndProject
Global
	GlobalSection(SolutionConfigurationPlatforms) = preSolution
		Debug|Any CPU = Debug|Any CPU
		Release|Any CPU = Release|Any CPU
	EndGlobalSection
	GlobalSection(ProjectConfigurationPlatforms) = postSolution
		{698CB6D8-5D9F-9670-93E7-4E20DCD5571E}.Debug|Any CPU.ActiveCfg = Debug|Any CPU
		{698CB6D8-5D9F-9670-93E7-4E20DCD5571E}.Debug|Any CPU.Build.0 = Debug|Any CPU
		{698CB6D8-5D9F-9670-93E7-4E20DCD5571E}.Release|Any CPU.ActiveCfg = Release|Any CPU
		{698CB6D8-5D9F-9670-93E7-4E20DCD5571E}.Release|Any CPU.Build.0 = Release|Any CPU
		{1A5A64F4-61CF-7133-121B-D809F6C7E5FF}.Debug|Any CPU.ActiveCfg = Debug|Any CPU
		{1A5A64F4-61CF-7133-121B-D809F6C7E5FF}.Debug|Any CPU.Build.0 = Debug|Any CPU
		{1A5A64F4-61CF-7133-121B-D809F6C7E5FF}.Release|Any CPU.ActiveCfg = Release|Any CPU
		{1A5A64F4-61CF-7133-121B-D809F6C7E5FF}.Release|Any CPU.Build.0 = Release|Any CPU
		{5C5BA93C-2288-B393-9CDF-E3BBC6DA8EB4}.Debug|Any CPU.ActiveCfg = Debug|Any CPU
		{5C5BA93C-2288-B393-9CDF-E3BBC6DA8EB4}.Debug|Any CPU.Build.0 = Debug|Any CPU
		{5C5BA93C-2288-B393-9CDF-E3BBC6DA8EB4}.Release|Any CPU.ActiveCfg = Release|Any CPU
		{5C5BA93C-2288-B393-9CDF-E3BBC6DA8EB4}.Release|Any CPU.Build.0 = Release|Any CPU
	EndGlobalSection
	GlobalSection(SolutionProperties) = preSolution
		HideSolutionNode = FALSE
	EndGlobalSection
	GlobalSection(MonoDevelopProperties) = preSolution
		StartupItem = Assembly-CSharp.csproj
	EndGlobalSection
EndGlobal
